<Solution>
  <Project Path="Assembly-CSharp-firstpass.csproj" />
  <Project Path="Coffee.UIParticle.csproj" />
  <Project Path="Assembly-CSharp.csproj" />
  <Project Path="Coffee.UIParticle.Editor.csproj" />
  <Project Path="NativeShare.Runtime.csproj" />
  <Project Path="Assembly-CSharp-Editor-firstpass.csproj" />
  <Project Path="NativeShare.Editor.csproj" />
</Solution>
